
Microsoft Visual Studio Solution File, Format Version 12.00
# Visual Studio 14
VisualStudioVersion = 14.0.25420.1
MinimumVisualStudioVersion = 10.0.40219.1
Project("{FAE04EC0-301F-11D3-BF4B-00C04F79EFBC}") = "Riker.Compiler", "Riker.Compiler\Riker.Compiler.csproj", "{6961F5FE-1947-4FD5-8FAE-CF96468F0686}"
EndProject
Project("{FAE04EC0-301F-11D3-BF4B-00C04F79EFBC}") = "Riker.Core", "Riker.Core\Riker.Core.csproj", "{60CAAF3C-3F3E-4A73-9802-1CA07D10DB07}"
EndProject
Project("{FAE04EC0-301F-11D3-BF4B-00C04F79EFBC}") = "Riker.Source", "Riker.Source\Riker.Source.csproj", "{EB5BE2B7-ADBE-423B-A763-4799CF0C7567}"
EndProject
Global
	GlobalSection(SolutionConfigurationPlatforms) = preSolution
		Debug|Any CPU = Debug|Any CPU
		Debug|x86 = Debug|x86
		Release|Any CPU = Release|Any CPU
		Release|x86 = Release|x86
	EndGlobalSection
	GlobalSection(ProjectConfigurationPlatforms) = postSolution
		{6961F5FE-1947-4FD5-8FAE-CF96468F0686}.Debug|Any CPU.ActiveCfg = Debug|Any CPU
		{6961F5FE-1947-4FD5-8FAE-CF96468F0686}.Debug|Any CPU.Build.0 = Debug|Any CPU
		{6961F5FE-1947-4FD5-8FAE-CF96468F0686}.Debug|x86.ActiveCfg = Debug|Any CPU
		{6961F5FE-1947-4FD5-8FAE-CF96468F0686}.Debug|x86.Build.0 = Debug|Any CPU
		{6961F5FE-1947-4FD5-8FAE-CF96468F0686}.Release|Any CPU.ActiveCfg = Release|Any CPU
		{6961F5FE-1947-4FD5-8FAE-CF96468F0686}.Release|Any CPU.Build.0 = Release|Any CPU
		{6961F5FE-1947-4FD5-8FAE-CF96468F0686}.Release|x86.ActiveCfg = Release|Any CPU
		{6961F5FE-1947-4FD5-8FAE-CF96468F0686}.Release|x86.Build.0 = Release|Any CPU
		{60CAAF3C-3F3E-4A73-9802-1CA07D10DB07}.Debug|Any CPU.ActiveCfg = Debug|Any CPU
		{60CAAF3C-3F3E-4A73-9802-1CA07D10DB07}.Debug|Any CPU.Build.0 = Debug|Any CPU
		{60CAAF3C-3F3E-4A73-9802-1CA07D10DB07}.Debug|x86.ActiveCfg = Debug|Any CPU
		{60CAAF3C-3F3E-4A73-9802-1CA07D10DB07}.Debug|x86.Build.0 = Debug|Any CPU
		{60CAAF3C-3F3E-4A73-9802-1CA07D10DB07}.Release|Any CPU.ActiveCfg = Release|Any CPU
		{60CAAF3C-3F3E-4A73-9802-1CA07D10DB07}.Release|Any CPU.Build.0 = Release|Any CPU
		{60CAAF3C-3F3E-4A73-9802-1CA07D10DB07}.Release|x86.ActiveCfg = Release|Any CPU
		{60CAAF3C-3F3E-4A73-9802-1CA07D10DB07}.Release|x86.Build.0 = Release|Any CPU
		{EB5BE2B7-ADBE-423B-A763-4799CF0C7567}.Debug|Any CPU.ActiveCfg = Debug|Any CPU
		{EB5BE2B7-ADBE-423B-A763-4799CF0C7567}.Debug|Any CPU.Build.0 = Debug|Any CPU
		{EB5BE2B7-ADBE-423B-A763-4799CF0C7567}.Debug|x86.ActiveCfg = Debug|Any CPU
		{EB5BE2B7-ADBE-423B-A763-4799CF0C7567}.Debug|x86.Build.0 = Debug|Any CPU
		{EB5BE2B7-ADBE-423B-A763-4799CF0C7567}.Release|Any CPU.ActiveCfg = Release|Any CPU
		{EB5BE2B7-ADBE-423B-A763-4799CF0C7567}.Release|Any CPU.Build.0 = Release|Any CPU
		{EB5BE2B7-ADBE-423B-A763-4799CF0C7567}.Release|x86.ActiveCfg = Release|Any CPU
		{EB5BE2B7-ADBE-423B-A763-4799CF0C7567}.Release|x86.Build.0 = Release|Any CPU
	EndGlobalSection
	GlobalSection(SolutionProperties) = preSolution
		HideSolutionNode = FALSE
	EndGlobalSection
EndGlobal
